
Microsoft Visual Studio Solution File, Format Version 12.00
# Visual Studio 14
VisualStudioVersion = 14.0.25420.1
MinimumVisualStudioVersion = 10.0.40219.1
Project("{FAE04EC0-301F-11D3-BF4B-00C04F79EFBC}") = "LocalWeatherAPI", "LocalWeatherAPI\LocalWeatherAPI.csproj", "{58D4781F-CC78-4C67-884E-852CFCF4B451}"
EndProject
Project("{FAE04EC0-301F-11D3-BF4B-00C04F79EFBC}") = "Model", "Model\Model.csproj", "{03DAF794-9DDB-42B2-A7E5-04DF71E1E434}"
EndProject
Project("{FAE04EC0-301F-11D3-BF4B-00C04F79EFBC}") = "Service", "Service\Service.csproj", "{D91B6EBF-FE2E-4AF7-80AA-FAFC4928BB30}"
EndProject
Project("{FAE04EC0-301F-11D3-BF4B-00C04F79EFBC}") = "Util", "Util\Util.csproj", "{BA9B5CA3-3251-468E-B48E-3ACCE979B341}"
EndProject
Global
	GlobalSection(SolutionConfigurationPlatforms) = preSolution
		Debug|Any CPU = Debug|Any CPU
		Debug|ARM = Debug|ARM
		Debug|x86 = Debug|x86
		Release|Any CPU = Release|Any CPU
		Release|ARM = Release|ARM
		Release|x86 = Release|x86
	EndGlobalSection
	GlobalSection(ProjectConfigurationPlatforms) = postSolution
		{58D4781F-CC78-4C67-884E-852CFCF4B451}.Debug|Any CPU.ActiveCfg = Debug|Any CPU
		{58D4781F-CC78-4C67-884E-852CFCF4B451}.Debug|Any CPU.Build.0 = Debug|Any CPU
		{58D4781F-CC78-4C67-884E-852CFCF4B451}.Debug|Any CPU.Deploy.0 = Debug|Any CPU
		{58D4781F-CC78-4C67-884E-852CFCF4B451}.Debug|ARM.ActiveCfg = Debug|ARM
		{58D4781F-CC78-4C67-884E-852CFCF4B451}.Debug|ARM.Build.0 = Debug|ARM
		{58D4781F-CC78-4C67-884E-852CFCF4B451}.Debug|ARM.Deploy.0 = Debug|ARM
		{58D4781F-CC78-4C67-884E-852CFCF4B451}.Debug|x86.ActiveCfg = Debug|x86
		{58D4781F-CC78-4C67-884E-852CFCF4B451}.Debug|x86.Build.0 = Debug|x86
		{58D4781F-CC78-4C67-884E-852CFCF4B451}.Debug|x86.Deploy.0 = Debug|x86
		{58D4781F-CC78-4C67-884E-852CFCF4B451}.Release|Any CPU.ActiveCfg = Release|Any CPU
		{58D4781F-CC78-4C67-884E-852CFCF4B451}.Release|Any CPU.Build.0 = Release|Any CPU
		{58D4781F-CC78-4C67-884E-852CFCF4B451}.Release|Any CPU.Deploy.0 = Release|Any CPU
		{58D4781F-CC78-4C67-884E-852CFCF4B451}.Release|ARM.ActiveCfg = Release|ARM
		{58D4781F-CC78-4C67-884E-852CFCF4B451}.Release|ARM.Build.0 = Release|ARM
		{58D4781F-CC78-4C67-884E-852CFCF4B451}.Release|ARM.Deploy.0 = Release|ARM
		{58D4781F-CC78-4C67-884E-852CFCF4B451}.Release|x86.ActiveCfg = Release|x86
		{58D4781F-CC78-4C67-884E-852CFCF4B451}.Release|x86.Build.0 = Release|x86
		{58D4781F-CC78-4C67-884E-852CFCF4B451}.Release|x86.Deploy.0 = Release|x86
		{03DAF794-9DDB-42B2-A7E5-04DF71E1E434}.Debug|Any CPU.ActiveCfg = Debug|Any CPU
		{03DAF794-9DDB-42B2-A7E5-04DF71E1E434}.Debug|Any CPU.Build.0 = Debug|Any CPU
		{03DAF794-9DDB-42B2-A7E5-04DF71E1E434}.Debug|ARM.ActiveCfg = Debug|ARM
		{03DAF794-9DDB-42B2-A7E5-04DF71E1E434}.Debug|ARM.Build.0 = Debug|ARM
		{03DAF794-9DDB-42B2-A7E5-04DF71E1E434}.Debug|x86.ActiveCfg = Debug|x86
		{03DAF794-9DDB-42B2-A7E5-04DF71E1E434}.Debug|x86.Build.0 = Debug|x86
		{03DAF794-9DDB-42B2-A7E5-04DF71E1E434}.Release|Any CPU.ActiveCfg = Release|Any CPU
		{03DAF794-9DDB-42B2-A7E5-04DF71E1E434}.Release|Any CPU.Build.0 = Release|Any CPU
		{03DAF794-9DDB-42B2-A7E5-04DF71E1E434}.Release|ARM.ActiveCfg = Release|ARM
		{03DAF794-9DDB-42B2-A7E5-04DF71E1E434}.Release|ARM.Build.0 = Release|ARM
		{03DAF794-9DDB-42B2-A7E5-04DF71E1E434}.Release|x86.ActiveCfg = Release|x86
		{03DAF794-9DDB-42B2-A7E5-04DF71E1E434}.Release|x86.Build.0 = Release|x86
		{D91B6EBF-FE2E-4AF7-80AA-FAFC4928BB30}.Debug|Any CPU.ActiveCfg = Debug|Any CPU
		{D91B6EBF-FE2E-4AF7-80AA-FAFC4928BB30}.Debug|Any CPU.Build.0 = Debug|Any CPU
		{D91B6EBF-FE2E-4AF7-80AA-FAFC4928BB30}.Debug|ARM.ActiveCfg = Debug|ARM
		{D91B6EBF-FE2E-4AF7-80AA-FAFC4928BB30}.Debug|ARM.Build.0 = Debug|ARM
		{D91B6EBF-FE2E-4AF7-80AA-FAFC4928BB30}.Debug|x86.ActiveCfg = Debug|x86
		{D91B6EBF-FE2E-4AF7-80AA-FAFC4928BB30}.Debug|x86.Build.0 = Debug|x86
		{D91B6EBF-FE2E-4AF7-80AA-FAFC4928BB30}.Release|Any CPU.ActiveCfg = Release|Any CPU
		{D91B6EBF-FE2E-4AF7-80AA-FAFC4928BB30}.Release|Any CPU.Build.0 = Release|Any CPU
		{D91B6EBF-FE2E-4AF7-80AA-FAFC4928BB30}.Release|ARM.ActiveCfg = Release|ARM
		{D91B6EBF-FE2E-4AF7-80AA-FAFC4928BB30}.Release|ARM.Build.0 = Release|ARM
		{D91B6EBF-FE2E-4AF7-80AA-FAFC4928BB30}.Release|x86.ActiveCfg = Release|x86
		{D91B6EBF-FE2E-4AF7-80AA-FAFC4928BB30}.Release|x86.Build.0 = Release|x86
		{BA9B5CA3-3251-468E-B48E-3ACCE979B341}.Debug|Any CPU.ActiveCfg = Debug|Any CPU
		{BA9B5CA3-3251-468E-B48E-3ACCE979B341}.Debug|Any CPU.Build.0 = Debug|Any CPU
		{BA9B5CA3-3251-468E-B48E-3ACCE979B341}.Debug|ARM.ActiveCfg = Debug|ARM
		{BA9B5CA3-3251-468E-B48E-3ACCE979B341}.Debug|ARM.Build.0 = Debug|ARM
		{BA9B5CA3-3251-468E-B48E-3ACCE979B341}.Debug|x86.ActiveCfg = Debug|x86
		{BA9B5CA3-3251-468E-B48E-3ACCE979B341}.Debug|x86.Build.0 = Debug|x86
		{BA9B5CA3-3251-468E-B48E-3ACCE979B341}.Release|Any CPU.ActiveCfg = Release|Any CPU
		{BA9B5CA3-3251-468E-B48E-3ACCE979B341}.Release|Any CPU.Build.0 = Release|Any CPU
		{BA9B5CA3-3251-468E-B48E-3ACCE979B341}.Release|ARM.ActiveCfg = Release|ARM
		{BA9B5CA3-3251-468E-B48E-3ACCE979B341}.Release|ARM.Build.0 = Release|ARM
		{BA9B5CA3-3251-468E-B48E-3ACCE979B341}.Release|x86.ActiveCfg = Release|x86
		{BA9B5CA3-3251-468E-B48E-3ACCE979B341}.Release|x86.Build.0 = Release|x86
	EndGlobalSection
	GlobalSection(SolutionProperties) = preSolution
		HideSolutionNode = FALSE
	EndGlobalSection
EndGlobal
